
Microsoft Visual Studio Solution File, Format Version 12.00
# Visual Studio 15
VisualStudioVersion = 15.0.28307.1525
MinimumVisualStudioVersion = 10.0.40219.1
Project("{FAE04EC0-301F-11D3-BF4B-00C04F79EFBC}") = "Topsy_turvy", "Topsy_turvy\Topsy_turvy.csproj", "{4E50DDF4-5A85-4275-B0BD-F3B2F42640FE}"
EndProject
Global
	GlobalSection(SolutionConfigurationPlatforms) = preSolution
		Debug|Any CPU = Debug|Any CPU
		Release|Any CPU = Release|Any CPU
	EndGlobalSection
	GlobalSection(ProjectConfigurationPlatforms) = postSolution
		{4E50DDF4-5A85-4275-B0BD-F3B2F42640FE}.Debug|Any CPU.ActiveCfg = Debug|Any CPU
		{4E50DDF4-5A85-4275-B0BD-F3B2F42640FE}.Debug|Any CPU.Build.0 = Debug|Any CPU
		{4E50DDF4-5A85-4275-B0BD-F3B2F42640FE}.Release|Any CPU.ActiveCfg = Release|Any CPU
		{4E50DDF4-5A85-4275-B0BD-F3B2F42640FE}.Release|Any CPU.Build.0 = Release|Any CPU
	EndGlobalSection
	GlobalSection(SolutionProperties) = preSolution
		HideSolutionNode = FALSE
	EndGlobalSection
	GlobalSection(ExtensibilityGlobals) = postSolution
		SolutionGuid = {37F31FB2-B038-42EB-80F0-DFDB774DC367}
	EndGlobalSection
EndGlobal
